
Microsoft Visual Studio Solution File, Format Version 12.00
# Visual Studio Version 17
VisualStudioVersion = 17.3.32825.248
MinimumVisualStudioVersion = 10.0.40219.1
Project("{9A19103F-16F7-4668-BE54-9A1E7A4F7556}") = "BigOn.WebUI", "BigOn.WebUI\BigOn.WebUI.csproj", "{614DB549-996E-42B6-A09A-E11D45DA7AB2}"
EndProject
Project("{FAE04EC0-301F-11D3-BF4B-00C04F79EFBC}") = "BigOn.WebApi", "BigOn.WebApi\BigOn.WebApi.csproj", "{11C3E0E7-3683-4A53-AF75-C905172D2285}"
EndProject
Project("{FAE04EC0-301F-11D3-BF4B-00C04F79EFBC}") = "BigOn.Domain", "BigOn.Domain\BigOn.Domain.csproj", "{736CE7C6-8BAF-415C-AC86-891D399C271F}"
EndProject
Global
	GlobalSection(SolutionConfigurationPlatforms) = preSolution
		Debug|Any CPU = Debug|Any CPU
		Release|Any CPU = Release|Any CPU
	EndGlobalSection
	GlobalSection(ProjectConfigurationPlatforms) = postSolution
		{614DB549-996E-42B6-A09A-E11D45DA7AB2}.Debug|Any CPU.ActiveCfg = Debug|Any CPU
		{614DB549-996E-42B6-A09A-E11D45DA7AB2}.Debug|Any CPU.Build.0 = Debug|Any CPU
		{614DB549-996E-42B6-A09A-E11D45DA7AB2}.Release|Any CPU.ActiveCfg = Release|Any CPU
		{614DB549-996E-42B6-A09A-E11D45DA7AB2}.Release|Any CPU.Build.0 = Release|Any CPU
		{11C3E0E7-3683-4A53-AF75-C905172D2285}.Debug|Any CPU.ActiveCfg = Debug|Any CPU
		{11C3E0E7-3683-4A53-AF75-C905172D2285}.Debug|Any CPU.Build.0 = Debug|Any CPU
		{11C3E0E7-3683-4A53-AF75-C905172D2285}.Release|Any CPU.ActiveCfg = Release|Any CPU
		{11C3E0E7-3683-4A53-AF75-C905172D2285}.Release|Any CPU.Build.0 = Release|Any CPU
		{736CE7C6-8BAF-415C-AC86-891D399C271F}.Debug|Any CPU.ActiveCfg = Debug|Any CPU
		{736CE7C6-8BAF-415C-AC86-891D399C271F}.Debug|Any CPU.Build.0 = Debug|Any CPU
		{736CE7C6-8BAF-415C-AC86-891D399C271F}.Release|Any CPU.ActiveCfg = Release|Any CPU
		{736CE7C6-8BAF-415C-AC86-891D399C271F}.Release|Any CPU.Build.0 = Release|Any CPU
	EndGlobalSection
	GlobalSection(SolutionProperties) = preSolution
		HideSolutionNode = FALSE
	EndGlobalSection
	GlobalSection(ExtensibilityGlobals) = postSolution
		SolutionGuid = {2B6FC0D3-1CF0-434C-8CA5-412D3124142F}
	EndGlobalSection
EndGlobal
